
Microsoft Visual Studio Solution File, Format Version 12.00
# Visual Studio Version 16
VisualStudioVersion = 16.0.30406.217
MinimumVisualStudioVersion = 10.0.40219.1
Project("{D954291E-2A0B-460D-934E-DC6B0785DB48}") = "ArcGISApp.Shared", "ArcGISApp\ArcGISApp.Shared\ArcGISApp.Shared.shproj", "{B6A42143-5C5D-4530-AF10-F83D0BA5202F}"
EndProject
Project("{FAE04EC0-301F-11D3-BF4B-00C04F79EFBC}") = "ArcGISApp.iOS", "ArcGISApp\ArcGISApp.iOS\ArcGISApp.iOS.csproj", "{DD4124A4-6E77-46BA-8589-695149BC3F42}"
EndProject
Project("{FAE04EC0-301F-11D3-BF4B-00C04F79EFBC}") = "ArcGISApp.Android", "ArcGISApp\ArcGISApp.Android\ArcGISApp.Android.csproj", "{E83EA2F6-6531-4514-9770-1DDE005DBEBC}"
EndProject
Project("{FAE04EC0-301F-11D3-BF4B-00C04F79EFBC}") = "ArcGISApp.UWP", "ArcGISApp\ArcGISApp.UWP\ArcGISApp.UWP.csproj", "{B1E066F4-80CE-4725-A689-A855FC60450E}"
EndProject
Global
	GlobalSection(SharedMSBuildProjectFiles) = preSolution
		ArcGISApp\ArcGISApp.Shared\ArcGISApp.Shared.projitems*{b1e066f4-80ce-4725-a689-a855fc60450e}*SharedItemsImports = 4
		ArcGISApp\ArcGISApp.Shared\ArcGISApp.Shared.projitems*{b6a42143-5c5d-4530-af10-f83d0ba5202f}*SharedItemsImports = 13
		ArcGISApp\ArcGISApp.Shared\ArcGISApp.Shared.projitems*{dd4124a4-6e77-46ba-8589-695149bc3f42}*SharedItemsImports = 4
		ArcGISApp\ArcGISApp.Shared\ArcGISApp.Shared.projitems*{e83ea2f6-6531-4514-9770-1dde005dbebc}*SharedItemsImports = 4
	EndGlobalSection
	GlobalSection(SolutionConfigurationPlatforms) = preSolution
		Ad-Hoc|Any CPU = Ad-Hoc|Any CPU
		Ad-Hoc|ARM = Ad-Hoc|ARM
		Ad-Hoc|ARM64 = Ad-Hoc|ARM64
		Ad-Hoc|iPhone = Ad-Hoc|iPhone
		Ad-Hoc|iPhoneSimulator = Ad-Hoc|iPhoneSimulator
		Ad-Hoc|x64 = Ad-Hoc|x64
		Ad-Hoc|x86 = Ad-Hoc|x86
		AppStore|Any CPU = AppStore|Any CPU
		AppStore|ARM = AppStore|ARM
		AppStore|ARM64 = AppStore|ARM64
		AppStore|iPhone = AppStore|iPhone
		AppStore|iPhoneSimulator = AppStore|iPhoneSimulator
		AppStore|x64 = AppStore|x64
		AppStore|x86 = AppStore|x86
		Debug|Any CPU = Debug|Any CPU
		Debug|ARM = Debug|ARM
		Debug|ARM64 = Debug|ARM64
		Debug|iPhone = Debug|iPhone
		Debug|iPhoneSimulator = Debug|iPhoneSimulator
		Debug|x64 = Debug|x64
		Debug|x86 = Debug|x86
		Release|Any CPU = Release|Any CPU
		Release|ARM = Release|ARM
		Release|ARM64 = Release|ARM64
		Release|iPhone = Release|iPhone
		Release|iPhoneSimulator = Release|iPhoneSimulator
		Release|x64 = Release|x64
		Release|x86 = Release|x86
	EndGlobalSection
	GlobalSection(ProjectConfigurationPlatforms) = postSolution
		{DD4124A4-6E77-46BA-8589-695149BC3F42}.Ad-Hoc|Any CPU.ActiveCfg = Ad-Hoc|iPhone
		{DD4124A4-6E77-46BA-8589-695149BC3F42}.Ad-Hoc|ARM.ActiveCfg = Ad-Hoc|iPhone
		{DD4124A4-6E77-46BA-8589-695149BC3F42}.Ad-Hoc|ARM64.ActiveCfg = Ad-Hoc|iPhone
		{DD4124A4-6E77-46BA-8589-695149BC3F42}.Ad-Hoc|iPhone.ActiveCfg = Ad-Hoc|iPhone
		{DD4124A4-6E77-46BA-8589-695149BC3F42}.Ad-Hoc|iPhone.Build.0 = Ad-Hoc|iPhone
		{DD4124A4-6E77-46BA-8589-695149BC3F42}.Ad-Hoc|iPhoneSimulator.ActiveCfg = Ad-Hoc|iPhoneSimulator
		{DD4124A4-6E77-46BA-8589-695149BC3F42}.Ad-Hoc|iPhoneSimulator.Build.0 = Ad-Hoc|iPhoneSimulator
		{DD4124A4-6E77-46BA-8589-695149BC3F42}.Ad-Hoc|x64.ActiveCfg = Ad-Hoc|iPhone
		{DD4124A4-6E77-46BA-8589-695149BC3F42}.Ad-Hoc|x86.ActiveCfg = Ad-Hoc|iPhone
		{DD4124A4-6E77-46BA-8589-695149BC3F42}.AppStore|Any CPU.ActiveCfg = AppStore|iPhone
		{DD4124A4-6E77-46BA-8589-695149BC3F42}.AppStore|ARM.ActiveCfg = AppStore|iPhone
		{DD4124A4-6E77-46BA-8589-695149BC3F42}.AppStore|ARM64.ActiveCfg = AppStore|iPhone
		{DD4124A4-6E77-46BA-8589-695149BC3F42}.AppStore|iPhone.ActiveCfg = AppStore|iPhone
		{DD4124A4-6E77-46BA-8589-695149BC3F42}.AppStore|iPhone.Build.0 = AppStore|iPhone
		{DD4124A4-6E77-46BA-8589-695149BC3F42}.AppStore|iPhoneSimulator.ActiveCfg = AppStore|iPhoneSimulator
		{DD4124A4-6E77-46BA-8589-695149BC3F42}.AppStore|iPhoneSimulator.Build.0 = AppStore|iPhoneSimulator
		{DD4124A4-6E77-46BA-8589-695149BC3F42}.AppStore|x64.ActiveCfg = AppStore|iPhone
		{DD4124A4-6E77-46BA-8589-695149BC3F42}.AppStore|x86.ActiveCfg = AppStore|iPhone
		{DD4124A4-6E77-46BA-8589-695149BC3F42}.Debug|Any CPU.ActiveCfg = Debug|iPhone
		{DD4124A4-6E77-46BA-8589-695149BC3F42}.Debug|ARM.ActiveCfg = Debug|iPhone
		{DD4124A4-6E77-46BA-8589-695149BC3F42}.Debug|ARM64.ActiveCfg = Debug|iPhone
		{DD4124A4-6E77-46BA-8589-695149BC3F42}.Debug|iPhone.ActiveCfg = Debug|iPhone
		{DD4124A4-6E77-46BA-8589-695149BC3F42}.Debug|iPhone.Build.0 = Debug|iPhone
		{DD4124A4-6E77-46BA-8589-695149BC3F42}.Debug|iPhoneSimulator.ActiveCfg = Debug|iPhoneSimulator
		{DD4124A4-6E77-46BA-8589-695149BC3F42}.Debug|iPhoneSimulator.Build.0 = Debug|iPhoneSimulator
		{DD4124A4-6E77-46BA-8589-695149BC3F42}.Debug|x64.ActiveCfg = Debug|iPhone
		{DD4124A4-6E77-46BA-8589-695149BC3F42}.Debug|x86.ActiveCfg = Debug|iPhone
		{DD4124A4-6E77-46BA-8589-695149BC3F42}.Release|Any CPU.ActiveCfg = Release|iPhone
		{DD4124A4-6E77-46BA-8589-695149BC3F42}.Release|ARM.ActiveCfg = Release|iPhone
		{DD4124A4-6E77-46BA-8589-695149BC3F42}.Release|ARM64.ActiveCfg = Release|iPhone
		{DD4124A4-6E77-46BA-8589-695149BC3F42}.Release|iPhone.ActiveCfg = Release|iPhone
		{DD4124A4-6E77-46BA-8589-695149BC3F42}.Release|iPhone.Build.0 = Release|iPhone
		{DD4124A4-6E77-46BA-8589-695149BC3F42}.Release|iPhoneSimulator.ActiveCfg = Release|iPhoneSimulator
		{DD4124A4-6E77-46BA-8589-695149BC3F42}.Release|iPhoneSimulator.Build.0 = Release|iPhoneSimulator
		{DD4124A4-6E77-46BA-8589-695149BC3F42}.Release|x64.ActiveCfg = Release|iPhone
		{DD4124A4-6E77-46BA-8589-695149BC3F42}.Release|x86.ActiveCfg = Release|iPhone
		{E83EA2F6-6531-4514-9770-1DDE005DBEBC}.Ad-Hoc|Any CPU.ActiveCfg = Release|Any CPU
		{E83EA2F6-6531-4514-9770-1DDE005DBEBC}.Ad-Hoc|Any CPU.Build.0 = Release|Any CPU
		{E83EA2F6-6531-4514-9770-1DDE005DBEBC}.Ad-Hoc|Any CPU.Deploy.0 = Release|Any CPU
		{E83EA2F6-6531-4514-9770-1DDE005DBEBC}.Ad-Hoc|ARM.ActiveCfg = Release|Any CPU
		{E83EA2F6-6531-4514-9770-1DDE005DBEBC}.Ad-Hoc|ARM.Build.0 = Release|Any CPU
		{E83EA2F6-6531-4514-9770-1DDE005DBEBC}.Ad-Hoc|ARM.Deploy.0 = Release|Any CPU
		{E83EA2F6-6531-4514-9770-1DDE005DBEBC}.Ad-Hoc|ARM64.ActiveCfg = Release|Any CPU
		{E83EA2F6-6531-4514-9770-1DDE005DBEBC}.Ad-Hoc|ARM64.Build.0 = Release|Any CPU
		{E83EA2F6-6531-4514-9770-1DDE005DBEBC}.Ad-Hoc|ARM64.Deploy.0 = Release|Any CPU
		{E83EA2F6-6531-4514-9770-1DDE005DBEBC}.Ad-Hoc|iPhone.ActiveCfg = Release|Any CPU
		{E83EA2F6-6531-4514-9770-1DDE005DBEBC}.Ad-Hoc|iPhone.Build.0 = Release|Any CPU
		{E83EA2F6-6531-4514-9770-1DDE005DBEBC}.Ad-Hoc|iPhone.Deploy.0 = Release|Any CPU
		{E83EA2F6-6531-4514-9770-1DDE005DBEBC}.Ad-Hoc|iPhoneSimulator.ActiveCfg = Release|Any CPU
		{E83EA2F6-6531-4514-9770-1DDE005DBEBC}.Ad-Hoc|iPhoneSimulator.Build.0 = Release|Any CPU
		{E83EA2F6-6531-4514-9770-1DDE005DBEBC}.Ad-Hoc|iPhoneSimulator.Deploy.0 = Release|Any CPU
		{E83EA2F6-6531-4514-9770-1DDE005DBEBC}.Ad-Hoc|x64.ActiveCfg = Release|Any CPU
		{E83EA2F6-6531-4514-9770-1DDE005DBEBC}.Ad-Hoc|x64.Build.0 = Release|Any CPU
		{E83EA2F6-6531-4514-9770-1DDE005DBEBC}.Ad-Hoc|x64.Deploy.0 = Release|Any CPU
		{E83EA2F6-6531-4514-9770-1DDE005DBEBC}.Ad-Hoc|x86.ActiveCfg = Release|Any CPU
		{E83EA2F6-6531-4514-9770-1DDE005DBEBC}.Ad-Hoc|x86.Build.0 = Release|Any CPU
		{E83EA2F6-6531-4514-9770-1DDE005DBEBC}.Ad-Hoc|x86.Deploy.0 = Release|Any CPU
		{E83EA2F6-6531-4514-9770-1DDE005DBEBC}.AppStore|Any CPU.ActiveCfg = Release|Any CPU
		{E83EA2F6-6531-4514-9770-1DDE005DBEBC}.AppStore|Any CPU.Build.0 = Release|Any CPU
		{E83EA2F6-6531-4514-9770-1DDE005DBEBC}.AppStore|Any CPU.Deploy.0 = Release|Any CPU
		{E83EA2F6-6531-4514-9770-1DDE005DBEBC}.AppStore|ARM.ActiveCfg = Release|Any CPU
		{E83EA2F6-6531-4514-9770-1DDE005DBEBC}.AppStore|ARM.Build.0 = Release|Any CPU
		{E83EA2F6-6531-4514-9770-1DDE005DBEBC}.AppStore|ARM.Deploy.0 = Release|Any CPU
		{E83EA2F6-6531-4514-9770-1DDE005DBEBC}.AppStore|ARM64.ActiveCfg = Release|Any CPU
		{E83EA2F6-6531-4514-9770-1DDE005DBEBC}.AppStore|ARM64.Build.0 = Release|Any CPU
		{E83EA2F6-6531-4514-9770-1DDE005DBEBC}.AppStore|ARM64.Deploy.0 = Release|Any CPU
		{E83EA2F6-6531-4514-9770-1DDE005DBEBC}.AppStore|iPhone.ActiveCfg = Release|Any CPU
		{E83EA2F6-6531-4514-9770-1DDE005DBEBC}.AppStore|iPhone.Build.0 = Release|Any CPU
		{E83EA2F6-6531-4514-9770-1DDE005DBEBC}.AppStore|iPhone.Deploy.0 = Release|Any CPU
		{E83EA2F6-6531-4514-9770-1DDE005DBEBC}.AppStore|iPhoneSimulator.ActiveCfg = Release|Any CPU
		{E83EA2F6-6531-4514-9770-1DDE005DBEBC}.AppStore|iPhoneSimulator.Build.0 = Release|Any CPU
		{E83EA2F6-6531-4514-9770-1DDE005DBEBC}.AppStore|iPhoneSimulator.Deploy.0 = Release|Any CPU
		{E83EA2F6-6531-4514-9770-1DDE005DBEBC}.AppStore|x64.ActiveCfg = Release|Any CPU
		{E83EA2F6-6531-4514-9770-1DDE005DBEBC}.AppStore|x64.Build.0 = Release|Any CPU
		{E83EA2F6-6531-4514-9770-1DDE005DBEBC}.AppStore|x64.Deploy.0 = Release|Any CPU
		{E83EA2F6-6531-4514-9770-1DDE005DBEBC}.AppStore|x86.ActiveCfg = Release|Any CPU
		{E83EA2F6-6531-4514-9770-1DDE005DBEBC}.AppStore|x86.Build.0 = Release|Any CPU
		{E83EA2F6-6531-4514-9770-1DDE005DBEBC}.AppStore|x86.Deploy.0 = Release|Any CPU
		{E83EA2F6-6531-4514-9770-1DDE005DBEBC}.Debug|Any CPU.ActiveCfg = Debug|Any CPU
		{E83EA2F6-6531-4514-9770-1DDE005DBEBC}.Debug|Any CPU.Build.0 = Debug|Any CPU
		{E83EA2F6-6531-4514-9770-1DDE005DBEBC}.Debug|Any CPU.Deploy.0 = Debug|Any CPU
		{E83EA2F6-6531-4514-9770-1DDE005DBEBC}.Debug|ARM.ActiveCfg = Debug|Any CPU
		{E83EA2F6-6531-4514-9770-1DDE005DBEBC}.Debug|ARM.Build.0 = Debug|Any CPU
		{E83EA2F6-6531-4514-9770-1DDE005DBEBC}.Debug|ARM.Deploy.0 = Debug|Any CPU
		{E83EA2F6-6531-4514-9770-1DDE005DBEBC}.Debug|ARM64.ActiveCfg = Debug|Any CPU
		{E83EA2F6-6531-4514-9770-1DDE005DBEBC}.Debug|ARM64.Build.0 = Debug|Any CPU
		{E83EA2F6-6531-4514-9770-1DDE005DBEBC}.Debug|ARM64.Deploy.0 = Debug|Any CPU
		{E83EA2F6-6531-4514-9770-1DDE005DBEBC}.Debug|iPhone.ActiveCfg = Debug|Any CPU
		{E83EA2F6-6531-4514-9770-1DDE005DBEBC}.Debug|iPhone.Build.0 = Debug|Any CPU
		{E83EA2F6-6531-4514-9770-1DDE005DBEBC}.Debug|iPhone.Deploy.0 = Debug|Any CPU
		{E83EA2F6-6531-4514-9770-1DDE005DBEBC}.Debug|iPhoneSimulator.ActiveCfg = Debug|Any CPU
		{E83EA2F6-6531-4514-9770-1DDE005DBEBC}.Debug|iPhoneSimulator.Build.0 = Debug|Any CPU
		{E83EA2F6-6531-4514-9770-1DDE005DBEBC}.Debug|iPhoneSimulator.Deploy.0 = Debug|Any CPU
		{E83EA2F6-6531-4514-9770-1DDE005DBEBC}.Debug|x64.ActiveCfg = Debug|Any CPU
		{E83EA2F6-6531-4514-9770-1DDE005DBEBC}.Debug|x64.Build.0 = Debug|Any CPU
		{E83EA2F6-6531-4514-9770-1DDE005DBEBC}.Debug|x64.Deploy.0 = Debug|Any CPU
		{E83EA2F6-6531-4514-9770-1DDE005DBEBC}.Debug|x86.ActiveCfg = Debug|Any CPU
		{E83EA2F6-6531-4514-9770-1DDE005DBEBC}.Debug|x86.Build.0 = Debug|Any CPU
		{E83EA2F6-6531-4514-9770-1DDE005DBEBC}.Debug|x86.Deploy.0 = Debug|Any CPU
		{E83EA2F6-6531-4514-9770-1DDE005DBEBC}.Release|Any CPU.ActiveCfg = Release|Any CPU
		{E83EA2F6-6531-4514-9770-1DDE005DBEBC}.Release|Any CPU.Build.0 = Release|Any CPU
		{E83EA2F6-6531-4514-9770-1DDE005DBEBC}.Release|Any CPU.Deploy.0 = Release|Any CPU
		{E83EA2F6-6531-4514-9770-1DDE005DBEBC}.Release|ARM.ActiveCfg = Release|Any CPU
		{E83EA2F6-6531-4514-9770-1DDE005DBEBC}.Release|ARM.Build.0 = Release|Any CPU
		{E83EA2F6-6531-4514-9770-1DDE005DBEBC}.Release|ARM.Deploy.0 = Release|Any CPU
		{E83EA2F6-6531-4514-9770-1DDE005DBEBC}.Release|ARM64.ActiveCfg = Release|Any CPU
		{E83EA2F6-6531-4514-9770-1DDE005DBEBC}.Release|ARM64.Build.0 = Release|Any CPU
		{E83EA2F6-6531-4514-9770-1DDE005DBEBC}.Release|ARM64.Deploy.0 = Release|Any CPU
		{E83EA2F6-6531-4514-9770-1DDE005DBEBC}.Release|iPhone.ActiveCfg = Release|Any CPU
		{E83EA2F6-6531-4514-9770-1DDE005DBEBC}.Release|iPhone.Build.0 = Release|Any CPU
		{E83EA2F6-6531-4514-9770-1DDE005DBEBC}.Release|iPhone.Deploy.0 = Release|Any CPU
		{E83EA2F6-6531-4514-9770-1DDE005DBEBC}.Release|iPhoneSimulator.ActiveCfg = Release|Any CPU
		{E83EA2F6-6531-4514-9770-1DDE005DBEBC}.Release|iPhoneSimulator.Build.0 = Release|Any CPU
		{E83EA2F6-6531-4514-9770-1DDE005DBEBC}.Release|iPhoneSimulator.Deploy.0 = Release|Any CPU
		{E83EA2F6-6531-4514-9770-1DDE005DBEBC}.Release|x64.ActiveCfg = Release|Any CPU
		{E83EA2F6-6531-4514-9770-1DDE005DBEBC}.Release|x64.Build.0 = Release|Any CPU
		{E83EA2F6-6531-4514-9770-1DDE005DBEBC}.Release|x64.Deploy.0 = Release|Any CPU
		{E83EA2F6-6531-4514-9770-1DDE005DBEBC}.Release|x86.ActiveCfg = Release|Any CPU
		{E83EA2F6-6531-4514-9770-1DDE005DBEBC}.Release|x86.Build.0 = Release|Any CPU
		{E83EA2F6-6531-4514-9770-1DDE005DBEBC}.Release|x86.Deploy.0 = Release|Any CPU
		{B1E066F4-80CE-4725-A689-A855FC60450E}.Ad-Hoc|Any CPU.ActiveCfg = Release|ARM64
		{B1E066F4-80CE-4725-A689-A855FC60450E}.Ad-Hoc|Any CPU.Build.0 = Release|ARM64
		{B1E066F4-80CE-4725-A689-A855FC60450E}.Ad-Hoc|Any CPU.Deploy.0 = Release|ARM64
		{B1E066F4-80CE-4725-A689-A855FC60450E}.Ad-Hoc|ARM.ActiveCfg = Release|ARM
		{B1E066F4-80CE-4725-A689-A855FC60450E}.Ad-Hoc|ARM.Build.0 = Release|ARM
		{B1E066F4-80CE-4725-A689-A855FC60450E}.Ad-Hoc|ARM.Deploy.0 = Release|ARM
		{B1E066F4-80CE-4725-A689-A855FC60450E}.Ad-Hoc|ARM64.ActiveCfg = Release|ARM64
		{B1E066F4-80CE-4725-A689-A855FC60450E}.Ad-Hoc|ARM64.Build.0 = Release|ARM64
		{B1E066F4-80CE-4725-A689-A855FC60450E}.Ad-Hoc|ARM64.Deploy.0 = Release|ARM64
		{B1E066F4-80CE-4725-A689-A855FC60450E}.Ad-Hoc|iPhone.ActiveCfg = Release|ARM64
		{B1E066F4-80CE-4725-A689-A855FC60450E}.Ad-Hoc|iPhone.Build.0 = Release|ARM64
		{B1E066F4-80CE-4725-A689-A855FC60450E}.Ad-Hoc|iPhone.Deploy.0 = Release|ARM64
		{B1E066F4-80CE-4725-A689-A855FC60450E}.Ad-Hoc|iPhoneSimulator.ActiveCfg = Release|ARM64
		{B1E066F4-80CE-4725-A689-A855FC60450E}.Ad-Hoc|iPhoneSimulator.Build.0 = Release|ARM64
		{B1E066F4-80CE-4725-A689-A855FC60450E}.Ad-Hoc|iPhoneSimulator.Deploy.0 = Release|ARM64
		{B1E066F4-80CE-4725-A689-A855FC60450E}.Ad-Hoc|x64.ActiveCfg = Release|x64
		{B1E066F4-80CE-4725-A689-A855FC60450E}.Ad-Hoc|x64.Build.0 = Release|x64
		{B1E066F4-80CE-4725-A689-A855FC60450E}.Ad-Hoc|x64.Deploy.0 = Release|x64
		{B1E066F4-80CE-4725-A689-A855FC60450E}.Ad-Hoc|x86.ActiveCfg = Release|x86
		{B1E066F4-80CE-4725-A689-A855FC60450E}.Ad-Hoc|x86.Build.0 = Release|x86
		{B1E066F4-80CE-4725-A689-A855FC60450E}.Ad-Hoc|x86.Deploy.0 = Release|x86
		{B1E066F4-80CE-4725-A689-A855FC60450E}.AppStore|Any CPU.ActiveCfg = Release|ARM64
		{B1E066F4-80CE-4725-A689-A855FC60450E}.AppStore|Any CPU.Build.0 = Release|ARM64
		{B1E066F4-80CE-4725-A689-A855FC60450E}.AppStore|Any CPU.Deploy.0 = Release|ARM64
		{B1E066F4-80CE-4725-A689-A855FC60450E}.AppStore|ARM.ActiveCfg = Release|ARM
		{B1E066F4-80CE-4725-A689-A855FC60450E}.AppStore|ARM.Build.0 = Release|ARM
		{B1E066F4-80CE-4725-A689-A855FC60450E}.AppStore|ARM.Deploy.0 = Release|ARM
		{B1E066F4-80CE-4725-A689-A855FC60450E}.AppStore|ARM64.ActiveCfg = Release|ARM64
		{B1E066F4-80CE-4725-A689-A855FC60450E}.AppStore|ARM64.Build.0 = Release|ARM64
		{B1E066F4-80CE-4725-A689-A855FC60450E}.AppStore|ARM64.Deploy.0 = Release|ARM64
		{B1E066F4-80CE-4725-A689-A855FC60450E}.AppStore|iPhone.ActiveCfg = Release|ARM64
		{B1E066F4-80CE-4725-A689-A855FC60450E}.AppStore|iPhone.Build.0 = Release|ARM64
		{B1E066F4-80CE-4725-A689-A855FC60450E}.AppStore|iPhone.Deploy.0 = Release|ARM64
		{B1E066F4-80CE-4725-A689-A855FC60450E}.AppStore|iPhoneSimulator.ActiveCfg = Release|ARM64
		{B1E066F4-80CE-4725-A689-A855FC60450E}.AppStore|iPhoneSimulator.Build.0 = Release|ARM64
		{B1E066F4-80CE-4725-A689-A855FC60450E}.AppStore|iPhoneSimulator.Deploy.0 = Release|ARM64
		{B1E066F4-80CE-4725-A689-A855FC60450E}.AppStore|x64.ActiveCfg = Release|x64
		{B1E066F4-80CE-4725-A689-A855FC60450E}.AppStore|x64.Build.0 = Release|x64
		{B1E066F4-80CE-4725-A689-A855FC60450E}.AppStore|x64.Deploy.0 = Release|x64
		{B1E066F4-80CE-4725-A689-A855FC60450E}.AppStore|x86.ActiveCfg = Release|x86
		{B1E066F4-80CE-4725-A689-A855FC60450E}.AppStore|x86.Build.0 = Release|x86
		{B1E066F4-80CE-4725-A689-A855FC60450E}.AppStore|x86.Deploy.0 = Release|x86
		{B1E066F4-80CE-4725-A689-A855FC60450E}.Debug|Any CPU.ActiveCfg = Debug|x86
		{B1E066F4-80CE-4725-A689-A855FC60450E}.Debug|ARM.ActiveCfg = Debug|ARM
		{B1E066F4-80CE-4725-A689-A855FC60450E}.Debug|ARM.Build.0 = Debug|ARM
		{B1E066F4-80CE-4725-A689-A855FC60450E}.Debug|ARM.Deploy.0 = Debug|ARM
		{B1E066F4-80CE-4725-A689-A855FC60450E}.Debug|ARM64.ActiveCfg = Debug|ARM64
		{B1E066F4-80CE-4725-A689-A855FC60450E}.Debug|ARM64.Build.0 = Debug|ARM64
		{B1E066F4-80CE-4725-A689-A855FC60450E}.Debug|ARM64.Deploy.0 = Debug|ARM64
		{B1E066F4-80CE-4725-A689-A855FC60450E}.Debug|iPhone.ActiveCfg = Debug|x86
		{B1E066F4-80CE-4725-A689-A855FC60450E}.Debug|iPhoneSimulator.ActiveCfg = Debug|x86
		{B1E066F4-80CE-4725-A689-A855FC60450E}.Debug|x64.ActiveCfg = Debug|x64
		{B1E066F4-80CE-4725-A689-A855FC60450E}.Debug|x64.Build.0 = Debug|x64
		{B1E066F4-80CE-4725-A689-A855FC60450E}.Debug|x64.Deploy.0 = Debug|x64
		{B1E066F4-80CE-4725-A689-A855FC60450E}.Debug|x86.ActiveCfg = Debug|x86
		{B1E066F4-80CE-4725-A689-A855FC60450E}.Debug|x86.Build.0 = Debug|x86
		{B1E066F4-80CE-4725-A689-A855FC60450E}.Debug|x86.Deploy.0 = Debug|x86
		{B1E066F4-80CE-4725-A689-A855FC60450E}.Release|Any CPU.ActiveCfg = Release|x86
		{B1E066F4-80CE-4725-A689-A855FC60450E}.Release|ARM.ActiveCfg = Release|ARM
		{B1E066F4-80CE-4725-A689-A855FC60450E}.Release|ARM.Build.0 = Release|ARM
		{B1E066F4-80CE-4725-A689-A855FC60450E}.Release|ARM.Deploy.0 = Release|ARM
		{B1E066F4-80CE-4725-A689-A855FC60450E}.Release|ARM64.ActiveCfg = Release|ARM64
		{B1E066F4-80CE-4725-A689-A855FC60450E}.Release|ARM64.Build.0 = Release|ARM64
		{B1E066F4-80CE-4725-A689-A855FC60450E}.Release|ARM64.Deploy.0 = Release|ARM64
		{B1E066F4-80CE-4725-A689-A855FC60450E}.Release|iPhone.ActiveCfg = Release|x86
		{B1E066F4-80CE-4725-A689-A855FC60450E}.Release|iPhoneSimulator.ActiveCfg = Release|x86
		{B1E066F4-80CE-4725-A689-A855FC60450E}.Release|x64.ActiveCfg = Release|x64
		{B1E066F4-80CE-4725-A689-A855FC60450E}.Release|x64.Build.0 = Release|x64
		{B1E066F4-80CE-4725-A689-A855FC60450E}.Release|x64.Deploy.0 = Release|x64
		{B1E066F4-80CE-4725-A689-A855FC60450E}.Release|x86.ActiveCfg = Release|x86
		{B1E066F4-80CE-4725-A689-A855FC60450E}.Release|x86.Build.0 = Release|x86
		{B1E066F4-80CE-4725-A689-A855FC60450E}.Release|x86.Deploy.0 = Release|x86
	EndGlobalSection
	GlobalSection(SolutionProperties) = preSolution
		HideSolutionNode = FALSE
	EndGlobalSection
	GlobalSection(ExtensibilityGlobals) = postSolution
		SolutionGuid = {8A5D9735-A43F-4B33-8C25-B6D541BFEB1B}
	EndGlobalSection
EndGlobal
